
Microsoft Visual Studio Solution File, Format Version 12.00
# Visual Studio 15
Project("{FAE04EC0-301F-11D3-BF4B-00C04F79EFBC}") = "Assembly-CSharp", "Assembly-CSharp.csproj", "{2E773D8F-58EA-D908-1E87-B021E564E225}"
EndProject
Global
	GlobalSection(SolutionConfigurationPlatforms) = preSolution
		Debug|Any CPU = Debug|Any CPU
		Release|Any CPU = Release|Any CPU
	EndGlobalSection
	GlobalSection(ProjectConfigurationPlatforms) = postSolution
		{2E773D8F-58EA-D908-1E87-B021E564E225}.Debug|Any CPU.ActiveCfg = Debug|Any CPU
		{2E773D8F-58EA-D908-1E87-B021E564E225}.Debug|Any CPU.Build.0 = Debug|Any CPU
		{2E773D8F-58EA-D908-1E87-B021E564E225}.Release|Any CPU.ActiveCfg = Release|Any CPU
		{2E773D8F-58EA-D908-1E87-B021E564E225}.Release|Any CPU.Build.0 = Release|Any CPU
	EndGlobalSection
	GlobalSection(SolutionProperties) = preSolution
		HideSolutionNode = FALSE
	EndGlobalSection
EndGlobal
